
Microsoft Visual Studio Solution File, Format Version 12.00
# Visual Studio Version 17
VisualStudioVersion = 17.9.34723.18
MinimumVisualStudioVersion = 10.0.40219.1
Project("{9A19103F-16F7-4668-BE54-9A1E7A4F7556}") = "NET 01. First programm", "NET 01. First programm\NET 01. First programm.csproj", "{7E11E0CB-3BCE-440C-9547-4BE69C0D7439}"
EndProject
Project("{2150E333-8FDC-42A3-9474-1A3956D46DE8}") = "NET 01", "NET 01", "{BA9CBE6E-4A53-4DD7-BE8E-5DEE5BAC4BFE}"
EndProject
Project("{9A19103F-16F7-4668-BE54-9A1E7A4F7556}") = "NET 01. First programm top level statement", "NET 01. First programm top level statement\NET 01. First programm top level statement.csproj", "{5037EC5A-DC49-4B74-99F6-48B184565501}"
EndProject
Project("{9A19103F-16F7-4668-BE54-9A1E7A4F7556}") = "NET 01. Data types", "NET 01. Data types\NET 01. Data types.csproj", "{F9F99CBB-5E7C-4E21-8F7C-718BDBF5D1BB}"
EndProject
Project("{2150E333-8FDC-42A3-9474-1A3956D46DE8}") = "NET 02", "NET 02", "{C26849C6-385B-4753-8D27-4334AFE573F8}"
EndProject
Project("{9A19103F-16F7-4668-BE54-9A1E7A4F7556}") = "NET 02. Typecasting", "NET 02. Typecasting\NET 02. Typecasting.csproj", "{901ABDA1-1A73-4CD8-AE31-8091437606B2}"
EndProject
Project("{9A19103F-16F7-4668-BE54-9A1E7A4F7556}") = "NET 02. input output", "NET 02. input output\NET 02. input output.csproj", "{5E13166F-83F7-4711-82DF-370FD9BFA367}"
EndProject
Project("{9A19103F-16F7-4668-BE54-9A1E7A4F7556}") = "NET 02. switch", "NET 02. switch\NET 02. switch.csproj", "{27F5D198-6CAD-4A0C-8EDD-CB6ECD2CF402}"
EndProject
Project("{9A19103F-16F7-4668-BE54-9A1E7A4F7556}") = "NET 02. Variables", "NET 02. Variables\NET 02. Variables.csproj", "{06B1EB6A-2443-4428-85BE-7B671CF6F778}"
EndProject
Project("{9A19103F-16F7-4668-BE54-9A1E7A4F7556}") = "NET 02. Arrays", "NET 02. Arrays\NET 02. Arrays.csproj", "{600B6CD9-C8FE-4D98-8AA4-D6CA3F91A7F3}"
EndProject
Project("{9A19103F-16F7-4668-BE54-9A1E7A4F7556}") = "NET 02. Arrays range, indecies", "NET 02. Arrays range, indecies\NET 02. Arrays range, indecies.csproj", "{1FCCDA90-D657-4361-A21D-B89449677E7B}"
EndProject
Project("{2150E333-8FDC-42A3-9474-1A3956D46DE8}") = "NET 03", "NET 03", "{E86BBD5F-2083-4F3E-81F1-311BCF8BB302}"
EndProject
Project("{9A19103F-16F7-4668-BE54-9A1E7A4F7556}") = "NET 03. String", "NET 03. String\NET 03. String.csproj", "{4E33628B-36E3-4D53-9AE6-FC8374334A6D}"
EndProject
Project("{9A19103F-16F7-4668-BE54-9A1E7A4F7556}") = "NET 03. StringBuilder", "NET 03. StringBuilder\NET 03. StringBuilder.csproj", "{B0E6F406-ACB4-4C68-A2B2-A063FCC18407}"
EndProject
Project("{9A19103F-16F7-4668-BE54-9A1E7A4F7556}") = "NET 03. Structs", "NET 03. Structs\NET 03. Structs.csproj", "{F593FAA6-7C10-4BA7-83B6-9655334473CF}"
EndProject
Project("{2150E333-8FDC-42A3-9474-1A3956D46DE8}") = "NET 04", "NET 04", "{4F23F702-C8E5-41E4-A423-6C8DF57518E1}"
EndProject
Project("{9A19103F-16F7-4668-BE54-9A1E7A4F7556}") = "NET 04. Class, this, access modifiers", "NET 04. Class, this, access modifiers\NET 04. Class, this, access modifiers.csproj", "{3BCF005B-B40A-4AC7-9790-780A791B0A4D}"
EndProject
Project("{9A19103F-16F7-4668-BE54-9A1E7A4F7556}") = "NET 04. Partial class", "NET 04. Partial class\NET 04. Partial class.csproj", "{86672E87-DE33-486E-B149-73DD9B0F78C7}"
EndProject
Project("{9A19103F-16F7-4668-BE54-9A1E7A4F7556}") = "NET 03. ref, out", "NET 03. ref, out\NET 03. ref, out.csproj", "{3E629890-FB4C-42BF-8BD6-6723252722D6}"
EndProject
Project("{9A19103F-16F7-4668-BE54-9A1E7A4F7556}") = "NET 04. Params", "NET 04. Params\NET 04. Params.csproj", "{B20E99AC-5257-4429-9CED-EEB464A76DE2}"
EndProject
Project("{2150E333-8FDC-42A3-9474-1A3956D46DE8}") = "NET 05", "NET 05", "{77F76F98-3B18-4ADF-8492-345F9A144947}"
EndProject
Project("{9A19103F-16F7-4668-BE54-9A1E7A4F7556}") = "NET 05. in, null conditional, null coalesing, null forgiving", "NET 05. in, null conditional, null coalesing, null forgiving\NET 05. in, null conditional, null coalesing, null forgiving.csproj", "{D783495A-1172-458B-AC62-FFB63E7B4D40}"
EndProject
Project("{9A19103F-16F7-4668-BE54-9A1E7A4F7556}") = "NET 05. Encapsulation, property", "NET 05. Encapsulation, property\NET 05. Encapsulation, property.csproj", "{8487CDD3-08F2-4858-8EAB-EED94D2AE560}"
EndProject
Project("{9A19103F-16F7-4668-BE54-9A1E7A4F7556}") = "NET 05. Tuple, return many values, deconstruct", "NET 05. Tuple, return many values, deconstruct\NET 05. Tuple, return many values, deconstruct.csproj", "{FE54D4DE-50CF-4AC0-926B-1A03E0ADF32D}"
EndProject
Project("{9A19103F-16F7-4668-BE54-9A1E7A4F7556}") = "NET 05. Operator overloading", "NET 05. Operator overloading\NET 05. Operator overloading.csproj", "{970C3DEF-9ABF-472C-B972-DFE3D37A82BB}"
EndProject
Project("{2150E333-8FDC-42A3-9474-1A3956D46DE8}") = "NET 06", "NET 06", "{5D57F426-29BA-4713-9274-40C2210DD460}"
EndProject
Project("{9A19103F-16F7-4668-BE54-9A1E7A4F7556}") = "NET 06. Indexer", "NET 06. Indexer\NET 06. Indexer.csproj", "{CAA03B79-986D-42E8-8FCD-A95C795376D8}"
EndProject
Project("{9A19103F-16F7-4668-BE54-9A1E7A4F7556}") = "NET 06. Inheritance", "NET 06. Inheritance\NET 06. Inheritance.csproj", "{B66E48A8-F12D-437D-9B73-247F9C371AF5}"
EndProject
Project("{9A19103F-16F7-4668-BE54-9A1E7A4F7556}") = "NET 06. Polymorphism", "NET 06. Polymorphism\NET 06. Polymorphism.csproj", "{DCB3B79E-E565-406D-BAAE-80DD7E937AFC}"
EndProject
Project("{2150E333-8FDC-42A3-9474-1A3956D46DE8}") = "NET 07", "NET 07", "{7B1CF51B-68E0-4906-9D00-7A9D1D0F759C}"
EndProject
Project("{9A19103F-16F7-4668-BE54-9A1E7A4F7556}") = "NET 07. Abstract class", "NET 07. Abstract class\NET 07. Abstract class.csproj", "{32333A30-0B8F-43B8-8EC5-7C5F58A47CAE}"
EndProject
Project("{9A19103F-16F7-4668-BE54-9A1E7A4F7556}") = "NET 07. Interfaces", "NET 07. Interfaces\NET 07. Interfaces.csproj", "{38E49706-2749-4B8D-BB49-99928B0BDA5A}"
EndProject
Project("{2150E333-8FDC-42A3-9474-1A3956D46DE8}") = "NET 08", "NET 08", "{C8F4F3B6-035E-41D5-8152-3580E56CDCE0}"
EndProject
Project("{FAE04EC0-301F-11D3-BF4B-00C04F79EFBC}") = "NET 08. Delegates", "NET 08. Delegates\NET 08. Delegates.csproj", "{1F465CC9-BDBD-4F31-80A1-EE9B065C9D14}"
EndProject
Project("{FAE04EC0-301F-11D3-BF4B-00C04F79EFBC}") = "NET 08. Standard interfaces", "NET 08. Standard interfaces\NET 08. Standard interfaces.csproj", "{E40DB9DF-0E7D-45C4-B30D-78E2D2D291D3}"
EndProject
Global
	GlobalSection(SolutionConfigurationPlatforms) = preSolution
		Debug|Any CPU = Debug|Any CPU
		Release|Any CPU = Release|Any CPU
	EndGlobalSection
	GlobalSection(ProjectConfigurationPlatforms) = postSolution
		{7E11E0CB-3BCE-440C-9547-4BE69C0D7439}.Debug|Any CPU.ActiveCfg = Debug|Any CPU
		{7E11E0CB-3BCE-440C-9547-4BE69C0D7439}.Debug|Any CPU.Build.0 = Debug|Any CPU
		{7E11E0CB-3BCE-440C-9547-4BE69C0D7439}.Release|Any CPU.ActiveCfg = Release|Any CPU
		{7E11E0CB-3BCE-440C-9547-4BE69C0D7439}.Release|Any CPU.Build.0 = Release|Any CPU
		{5037EC5A-DC49-4B74-99F6-48B184565501}.Debug|Any CPU.ActiveCfg = Debug|Any CPU
		{5037EC5A-DC49-4B74-99F6-48B184565501}.Debug|Any CPU.Build.0 = Debug|Any CPU
		{5037EC5A-DC49-4B74-99F6-48B184565501}.Release|Any CPU.ActiveCfg = Release|Any CPU
		{5037EC5A-DC49-4B74-99F6-48B184565501}.Release|Any CPU.Build.0 = Release|Any CPU
		{F9F99CBB-5E7C-4E21-8F7C-718BDBF5D1BB}.Debug|Any CPU.ActiveCfg = Debug|Any CPU
		{F9F99CBB-5E7C-4E21-8F7C-718BDBF5D1BB}.Debug|Any CPU.Build.0 = Debug|Any CPU
		{F9F99CBB-5E7C-4E21-8F7C-718BDBF5D1BB}.Release|Any CPU.ActiveCfg = Release|Any CPU
		{F9F99CBB-5E7C-4E21-8F7C-718BDBF5D1BB}.Release|Any CPU.Build.0 = Release|Any CPU
		{901ABDA1-1A73-4CD8-AE31-8091437606B2}.Debug|Any CPU.ActiveCfg = Debug|Any CPU
		{901ABDA1-1A73-4CD8-AE31-8091437606B2}.Debug|Any CPU.Build.0 = Debug|Any CPU
		{901ABDA1-1A73-4CD8-AE31-8091437606B2}.Release|Any CPU.ActiveCfg = Release|Any CPU
		{901ABDA1-1A73-4CD8-AE31-8091437606B2}.Release|Any CPU.Build.0 = Release|Any CPU
		{5E13166F-83F7-4711-82DF-370FD9BFA367}.Debug|Any CPU.ActiveCfg = Debug|Any CPU
		{5E13166F-83F7-4711-82DF-370FD9BFA367}.Debug|Any CPU.Build.0 = Debug|Any CPU
		{5E13166F-83F7-4711-82DF-370FD9BFA367}.Release|Any CPU.ActiveCfg = Release|Any CPU
		{5E13166F-83F7-4711-82DF-370FD9BFA367}.Release|Any CPU.Build.0 = Release|Any CPU
		{27F5D198-6CAD-4A0C-8EDD-CB6ECD2CF402}.Debug|Any CPU.ActiveCfg = Debug|Any CPU
		{27F5D198-6CAD-4A0C-8EDD-CB6ECD2CF402}.Debug|Any CPU.Build.0 = Debug|Any CPU
		{27F5D198-6CAD-4A0C-8EDD-CB6ECD2CF402}.Release|Any CPU.ActiveCfg = Release|Any CPU
		{27F5D198-6CAD-4A0C-8EDD-CB6ECD2CF402}.Release|Any CPU.Build.0 = Release|Any CPU
		{06B1EB6A-2443-4428-85BE-7B671CF6F778}.Debug|Any CPU.ActiveCfg = Debug|Any CPU
		{06B1EB6A-2443-4428-85BE-7B671CF6F778}.Debug|Any CPU.Build.0 = Debug|Any CPU
		{06B1EB6A-2443-4428-85BE-7B671CF6F778}.Release|Any CPU.ActiveCfg = Release|Any CPU
		{06B1EB6A-2443-4428-85BE-7B671CF6F778}.Release|Any CPU.Build.0 = Release|Any CPU
		{600B6CD9-C8FE-4D98-8AA4-D6CA3F91A7F3}.Debug|Any CPU.ActiveCfg = Debug|Any CPU
		{600B6CD9-C8FE-4D98-8AA4-D6CA3F91A7F3}.Debug|Any CPU.Build.0 = Debug|Any CPU
		{600B6CD9-C8FE-4D98-8AA4-D6CA3F91A7F3}.Release|Any CPU.ActiveCfg = Release|Any CPU
		{600B6CD9-C8FE-4D98-8AA4-D6CA3F91A7F3}.Release|Any CPU.Build.0 = Release|Any CPU
		{1FCCDA90-D657-4361-A21D-B89449677E7B}.Debug|Any CPU.ActiveCfg = Debug|Any CPU
		{1FCCDA90-D657-4361-A21D-B89449677E7B}.Debug|Any CPU.Build.0 = Debug|Any CPU
		{1FCCDA90-D657-4361-A21D-B89449677E7B}.Release|Any CPU.ActiveCfg = Release|Any CPU
		{1FCCDA90-D657-4361-A21D-B89449677E7B}.Release|Any CPU.Build.0 = Release|Any CPU
		{4E33628B-36E3-4D53-9AE6-FC8374334A6D}.Debug|Any CPU.ActiveCfg = Debug|Any CPU
		{4E33628B-36E3-4D53-9AE6-FC8374334A6D}.Debug|Any CPU.Build.0 = Debug|Any CPU
		{4E33628B-36E3-4D53-9AE6-FC8374334A6D}.Release|Any CPU.ActiveCfg = Release|Any CPU
		{4E33628B-36E3-4D53-9AE6-FC8374334A6D}.Release|Any CPU.Build.0 = Release|Any CPU
		{B0E6F406-ACB4-4C68-A2B2-A063FCC18407}.Debug|Any CPU.ActiveCfg = Debug|Any CPU
		{B0E6F406-ACB4-4C68-A2B2-A063FCC18407}.Debug|Any CPU.Build.0 = Debug|Any CPU
		{B0E6F406-ACB4-4C68-A2B2-A063FCC18407}.Release|Any CPU.ActiveCfg = Release|Any CPU
		{B0E6F406-ACB4-4C68-A2B2-A063FCC18407}.Release|Any CPU.Build.0 = Release|Any CPU
		{F593FAA6-7C10-4BA7-83B6-9655334473CF}.Debug|Any CPU.ActiveCfg = Debug|Any CPU
		{F593FAA6-7C10-4BA7-83B6-9655334473CF}.Debug|Any CPU.Build.0 = Debug|Any CPU
		{F593FAA6-7C10-4BA7-83B6-9655334473CF}.Release|Any CPU.ActiveCfg = Release|Any CPU
		{F593FAA6-7C10-4BA7-83B6-9655334473CF}.Release|Any CPU.Build.0 = Release|Any CPU
		{3BCF005B-B40A-4AC7-9790-780A791B0A4D}.Debug|Any CPU.ActiveCfg = Debug|Any CPU
		{3BCF005B-B40A-4AC7-9790-780A791B0A4D}.Debug|Any CPU.Build.0 = Debug|Any CPU
		{3BCF005B-B40A-4AC7-9790-780A791B0A4D}.Release|Any CPU.ActiveCfg = Release|Any CPU
		{3BCF005B-B40A-4AC7-9790-780A791B0A4D}.Release|Any CPU.Build.0 = Release|Any CPU
		{86672E87-DE33-486E-B149-73DD9B0F78C7}.Debug|Any CPU.ActiveCfg = Debug|Any CPU
		{86672E87-DE33-486E-B149-73DD9B0F78C7}.Debug|Any CPU.Build.0 = Debug|Any CPU
		{86672E87-DE33-486E-B149-73DD9B0F78C7}.Release|Any CPU.ActiveCfg = Release|Any CPU
		{86672E87-DE33-486E-B149-73DD9B0F78C7}.Release|Any CPU.Build.0 = Release|Any CPU
		{3E629890-FB4C-42BF-8BD6-6723252722D6}.Debug|Any CPU.ActiveCfg = Debug|Any CPU
		{3E629890-FB4C-42BF-8BD6-6723252722D6}.Debug|Any CPU.Build.0 = Debug|Any CPU
		{3E629890-FB4C-42BF-8BD6-6723252722D6}.Release|Any CPU.ActiveCfg = Release|Any CPU
		{3E629890-FB4C-42BF-8BD6-6723252722D6}.Release|Any CPU.Build.0 = Release|Any CPU
		{B20E99AC-5257-4429-9CED-EEB464A76DE2}.Debug|Any CPU.ActiveCfg = Debug|Any CPU
		{B20E99AC-5257-4429-9CED-EEB464A76DE2}.Debug|Any CPU.Build.0 = Debug|Any CPU
		{B20E99AC-5257-4429-9CED-EEB464A76DE2}.Release|Any CPU.ActiveCfg = Release|Any CPU
		{B20E99AC-5257-4429-9CED-EEB464A76DE2}.Release|Any CPU.Build.0 = Release|Any CPU
		{D783495A-1172-458B-AC62-FFB63E7B4D40}.Debug|Any CPU.ActiveCfg = Debug|Any CPU
		{D783495A-1172-458B-AC62-FFB63E7B4D40}.Debug|Any CPU.Build.0 = Debug|Any CPU
		{D783495A-1172-458B-AC62-FFB63E7B4D40}.Release|Any CPU.ActiveCfg = Release|Any CPU
		{D783495A-1172-458B-AC62-FFB63E7B4D40}.Release|Any CPU.Build.0 = Release|Any CPU
		{8487CDD3-08F2-4858-8EAB-EED94D2AE560}.Debug|Any CPU.ActiveCfg = Debug|Any CPU
		{8487CDD3-08F2-4858-8EAB-EED94D2AE560}.Debug|Any CPU.Build.0 = Debug|Any CPU
		{8487CDD3-08F2-4858-8EAB-EED94D2AE560}.Release|Any CPU.ActiveCfg = Release|Any CPU
		{8487CDD3-08F2-4858-8EAB-EED94D2AE560}.Release|Any CPU.Build.0 = Release|Any CPU
		{FE54D4DE-50CF-4AC0-926B-1A03E0ADF32D}.Debug|Any CPU.ActiveCfg = Debug|Any CPU
		{FE54D4DE-50CF-4AC0-926B-1A03E0ADF32D}.Debug|Any CPU.Build.0 = Debug|Any CPU
		{FE54D4DE-50CF-4AC0-926B-1A03E0ADF32D}.Release|Any CPU.ActiveCfg = Release|Any CPU
		{FE54D4DE-50CF-4AC0-926B-1A03E0ADF32D}.Release|Any CPU.Build.0 = Release|Any CPU
		{970C3DEF-9ABF-472C-B972-DFE3D37A82BB}.Debug|Any CPU.ActiveCfg = Debug|Any CPU
		{970C3DEF-9ABF-472C-B972-DFE3D37A82BB}.Debug|Any CPU.Build.0 = Debug|Any CPU
		{970C3DEF-9ABF-472C-B972-DFE3D37A82BB}.Release|Any CPU.ActiveCfg = Release|Any CPU
		{970C3DEF-9ABF-472C-B972-DFE3D37A82BB}.Release|Any CPU.Build.0 = Release|Any CPU
		{CAA03B79-986D-42E8-8FCD-A95C795376D8}.Debug|Any CPU.ActiveCfg = Debug|Any CPU
		{CAA03B79-986D-42E8-8FCD-A95C795376D8}.Debug|Any CPU.Build.0 = Debug|Any CPU
		{CAA03B79-986D-42E8-8FCD-A95C795376D8}.Release|Any CPU.ActiveCfg = Release|Any CPU
		{CAA03B79-986D-42E8-8FCD-A95C795376D8}.Release|Any CPU.Build.0 = Release|Any CPU
		{B66E48A8-F12D-437D-9B73-247F9C371AF5}.Debug|Any CPU.ActiveCfg = Debug|Any CPU
		{B66E48A8-F12D-437D-9B73-247F9C371AF5}.Debug|Any CPU.Build.0 = Debug|Any CPU
		{B66E48A8-F12D-437D-9B73-247F9C371AF5}.Release|Any CPU.ActiveCfg = Release|Any CPU
		{B66E48A8-F12D-437D-9B73-247F9C371AF5}.Release|Any CPU.Build.0 = Release|Any CPU
		{DCB3B79E-E565-406D-BAAE-80DD7E937AFC}.Debug|Any CPU.ActiveCfg = Debug|Any CPU
		{DCB3B79E-E565-406D-BAAE-80DD7E937AFC}.Debug|Any CPU.Build.0 = Debug|Any CPU
		{DCB3B79E-E565-406D-BAAE-80DD7E937AFC}.Release|Any CPU.ActiveCfg = Release|Any CPU
		{DCB3B79E-E565-406D-BAAE-80DD7E937AFC}.Release|Any CPU.Build.0 = Release|Any CPU
		{32333A30-0B8F-43B8-8EC5-7C5F58A47CAE}.Debug|Any CPU.ActiveCfg = Debug|Any CPU
		{32333A30-0B8F-43B8-8EC5-7C5F58A47CAE}.Debug|Any CPU.Build.0 = Debug|Any CPU
		{32333A30-0B8F-43B8-8EC5-7C5F58A47CAE}.Release|Any CPU.ActiveCfg = Release|Any CPU
		{32333A30-0B8F-43B8-8EC5-7C5F58A47CAE}.Release|Any CPU.Build.0 = Release|Any CPU
		{38E49706-2749-4B8D-BB49-99928B0BDA5A}.Debug|Any CPU.ActiveCfg = Debug|Any CPU
		{38E49706-2749-4B8D-BB49-99928B0BDA5A}.Debug|Any CPU.Build.0 = Debug|Any CPU
		{38E49706-2749-4B8D-BB49-99928B0BDA5A}.Release|Any CPU.ActiveCfg = Release|Any CPU
		{38E49706-2749-4B8D-BB49-99928B0BDA5A}.Release|Any CPU.Build.0 = Release|Any CPU
		{1F465CC9-BDBD-4F31-80A1-EE9B065C9D14}.Debug|Any CPU.ActiveCfg = Debug|Any CPU
		{1F465CC9-BDBD-4F31-80A1-EE9B065C9D14}.Debug|Any CPU.Build.0 = Debug|Any CPU
		{1F465CC9-BDBD-4F31-80A1-EE9B065C9D14}.Release|Any CPU.ActiveCfg = Release|Any CPU
		{1F465CC9-BDBD-4F31-80A1-EE9B065C9D14}.Release|Any CPU.Build.0 = Release|Any CPU
		{E40DB9DF-0E7D-45C4-B30D-78E2D2D291D3}.Debug|Any CPU.ActiveCfg = Debug|Any CPU
		{E40DB9DF-0E7D-45C4-B30D-78E2D2D291D3}.Debug|Any CPU.Build.0 = Debug|Any CPU
		{E40DB9DF-0E7D-45C4-B30D-78E2D2D291D3}.Release|Any CPU.ActiveCfg = Release|Any CPU
		{E40DB9DF-0E7D-45C4-B30D-78E2D2D291D3}.Release|Any CPU.Build.0 = Release|Any CPU
	EndGlobalSection
	GlobalSection(SolutionProperties) = preSolution
		HideSolutionNode = FALSE
	EndGlobalSection
	GlobalSection(NestedProjects) = preSolution
		{7E11E0CB-3BCE-440C-9547-4BE69C0D7439} = {BA9CBE6E-4A53-4DD7-BE8E-5DEE5BAC4BFE}
		{5037EC5A-DC49-4B74-99F6-48B184565501} = {BA9CBE6E-4A53-4DD7-BE8E-5DEE5BAC4BFE}
		{F9F99CBB-5E7C-4E21-8F7C-718BDBF5D1BB} = {BA9CBE6E-4A53-4DD7-BE8E-5DEE5BAC4BFE}
		{901ABDA1-1A73-4CD8-AE31-8091437606B2} = {C26849C6-385B-4753-8D27-4334AFE573F8}
		{5E13166F-83F7-4711-82DF-370FD9BFA367} = {C26849C6-385B-4753-8D27-4334AFE573F8}
		{27F5D198-6CAD-4A0C-8EDD-CB6ECD2CF402} = {C26849C6-385B-4753-8D27-4334AFE573F8}
		{06B1EB6A-2443-4428-85BE-7B671CF6F778} = {C26849C6-385B-4753-8D27-4334AFE573F8}
		{600B6CD9-C8FE-4D98-8AA4-D6CA3F91A7F3} = {C26849C6-385B-4753-8D27-4334AFE573F8}
		{1FCCDA90-D657-4361-A21D-B89449677E7B} = {C26849C6-385B-4753-8D27-4334AFE573F8}
		{4E33628B-36E3-4D53-9AE6-FC8374334A6D} = {E86BBD5F-2083-4F3E-81F1-311BCF8BB302}
		{B0E6F406-ACB4-4C68-A2B2-A063FCC18407} = {E86BBD5F-2083-4F3E-81F1-311BCF8BB302}
		{F593FAA6-7C10-4BA7-83B6-9655334473CF} = {E86BBD5F-2083-4F3E-81F1-311BCF8BB302}
		{3BCF005B-B40A-4AC7-9790-780A791B0A4D} = {4F23F702-C8E5-41E4-A423-6C8DF57518E1}
		{86672E87-DE33-486E-B149-73DD9B0F78C7} = {4F23F702-C8E5-41E4-A423-6C8DF57518E1}
		{3E629890-FB4C-42BF-8BD6-6723252722D6} = {4F23F702-C8E5-41E4-A423-6C8DF57518E1}
		{B20E99AC-5257-4429-9CED-EEB464A76DE2} = {4F23F702-C8E5-41E4-A423-6C8DF57518E1}
		{D783495A-1172-458B-AC62-FFB63E7B4D40} = {77F76F98-3B18-4ADF-8492-345F9A144947}
		{8487CDD3-08F2-4858-8EAB-EED94D2AE560} = {77F76F98-3B18-4ADF-8492-345F9A144947}
		{FE54D4DE-50CF-4AC0-926B-1A03E0ADF32D} = {77F76F98-3B18-4ADF-8492-345F9A144947}
		{970C3DEF-9ABF-472C-B972-DFE3D37A82BB} = {77F76F98-3B18-4ADF-8492-345F9A144947}
		{CAA03B79-986D-42E8-8FCD-A95C795376D8} = {5D57F426-29BA-4713-9274-40C2210DD460}
		{B66E48A8-F12D-437D-9B73-247F9C371AF5} = {5D57F426-29BA-4713-9274-40C2210DD460}
		{DCB3B79E-E565-406D-BAAE-80DD7E937AFC} = {5D57F426-29BA-4713-9274-40C2210DD460}
		{32333A30-0B8F-43B8-8EC5-7C5F58A47CAE} = {7B1CF51B-68E0-4906-9D00-7A9D1D0F759C}
		{38E49706-2749-4B8D-BB49-99928B0BDA5A} = {7B1CF51B-68E0-4906-9D00-7A9D1D0F759C}
		{1F465CC9-BDBD-4F31-80A1-EE9B065C9D14} = {C8F4F3B6-035E-41D5-8152-3580E56CDCE0}
		{E40DB9DF-0E7D-45C4-B30D-78E2D2D291D3} = {C8F4F3B6-035E-41D5-8152-3580E56CDCE0}
	EndGlobalSection
	GlobalSection(ExtensibilityGlobals) = postSolution
		SolutionGuid = {3712BC15-AC7A-4BFB-8DA4-FF82BEDF3539}
	EndGlobalSection
EndGlobal
